{
    "name": "FA18-BSE-043_Terminal-Lab",
    "version": "0.0.0",
    "lockfileVersion": 1,
    "requires": true,
    "dependencies": {
      "@types/babel-types": {
        "version": "7.0.9",
        "resolved": "https://registry.npmjs.org/@types/babel-types/-/babel-types-7.0.9.tgz",
        "integrity": "sha512-qZLoYeXSTgQuK1h7QQS16hqLGdmqtRmN8w/rl3Au/l5x/zkHx+a4VHrHyBsi1I1vtK2oBHxSzKIu0R5p6spdOA=="
      },
      "@types/babylon": {
        "version": "6.16.5",
        "resolved": "https://registry.npmjs.org/@types/babylon/-/babylon-6.16.5.tgz",
        "integrity": "sha512-xH2e58elpj1X4ynnKp9qSnWlsRTIs6n3tgLGNfwAGHwePw0mulHQllV34n0T25uYSu1k0hRKkWXF890B1yS47w==",
        "requires": {
          "@types/babel-types": "*"
        }
      },
      "@types/bson": {
        "version": "4.0.3",
        "resolved": "https://registry.npmjs.org/@types/bson/-/bson-4.0.3.tgz",
        "integrity": "sha512-mVRvYnTOZJz3ccpxhr3wgxVmSeiYinW+zlzQz3SXWaJmD1DuL05Jeq7nKw3SnbKmbleW5qrLG5vdyWe/A9sXhw==",
        "requires": {
          "@types/node": "*"
        }
      },
      "@types/mongodb": {
        "version": "3.6.18",
        "resolved": "https://registry.npmjs.org/@types/mongodb/-/mongodb-3.6.18.tgz",
        "integrity": "sha512-JSVFt9p0rTfZ4EgzXmVHUB3ue00xe3CRbQho8nXfImzEDDM4O7I3po1bwbWl/EIbLENxUreZxqLOc8lvcnLVPA==",
        "requires": {
          "@types/bson": "*",
          "@types/node": "*"
        }
      },
      "@types/node": {
        "version": "15.12.4",
        "resolved": "https://registry.npmjs.org/@types/node/-/node-15.12.4.tgz",
        "integrity": "sha512-zrNj1+yqYF4WskCMOHwN+w9iuD12+dGm0rQ35HLl9/Ouuq52cEtd0CH9qMgrdNmi5ejC1/V7vKEXYubB+65DkA=="
      },
      "accepts": {
        "version": "1.3.7",
        "resolved": "https://registry.npmjs.org/accepts/-/accepts-1.3.7.tgz",
        "integrity": "sha512-Il80Qs2WjYlJIBNzNkK6KYqlVMTbZLXgHx2oT0pU/fjRHyEp+PEfEPY0R3WCwAGVOtauxh1hOxNgIf5bv7dQpA==",
        "requires": {
          "mime-types": "~2.1